{
  "name": "opticstextbook",
  "version": "1.0.0",
  "lockfileVersion": 3,
  "requires": true,
  "packages": {
    "": {
      "name": "opticstextbook",
      "version": "1.0.0",
      "license": "CC-BY-SA-4.0",
      "dependencies": {
        "mystmd": "^1.3.25"
      }
    },
    "node_modules/mystmd": {
      "version": "1.3.25",
      "resolved": "https://registry.npmjs.org/mystmd/-/mystmd-1.3.25.tgz",
      "integrity": "sha512-ABPV0l0zkBR2yeKysRKu9d/p8KL4S4fQUD8WFffqfyg61wY7jFLQeGsIwoO5DxJoL5RotnAP3cmVrrJZCMt/FQ==",
      "license": "MIT",
      "bin": {
        "myst": "dist/myst.cjs"
      }
    }
  }
}
